
Microsoft Visual Studio Solution File, Format Version 12.00
# Visual Studio Version 17
VisualStudioVersion = 17.11.35222.181
MinimumVisualStudioVersion = 10.0.40219.1
Project("{8BC9CEB8-8B4A-11D0-8D11-00A0C91BC942}") = "LAB02_01", "LAB02_01\LAB02_01.vcxproj", "{580902E2-E8FC-49BB-8F99-CD3CF854AFC7}"
EndProject
Project("{8BC9CEB8-8B4A-11D0-8D11-00A0C91BC942}") = "LAB02_02", "LAB02_02\LAB02_02.vcxproj", "{6B53E071-E3F3-4167-926A-736F547BA18D}"
EndProject
Project("{8BC9CEB8-8B4A-11D0-8D11-00A0C91BC942}") = "LAB02_03", "LAB02_03\LAB02_03.vcxproj", "{1FC33352-F6DA-4B98-8DC0-88C7EE509A5F}"
EndProject
Project("{8BC9CEB8-8B4A-11D0-8D11-00A0C91BC942}") = "LAB02_04", "LAB02_04\LAB02_04.vcxproj", "{09D7FA37-742A-44C3-8DB5-78C9C9C705BD}"
EndProject
Project("{8BC9CEB8-8B4A-11D0-8D11-00A0C91BC942}") = "LAB02_05", "LAB02_05\LAB02_05.vcxproj", "{F31DA1D2-FDF2-453B-AC4D-86F5061A9FAD}"
EndProject
Project("{8BC9CEB8-8B4A-11D0-8D11-00A0C91BC942}") = "LAB03_01", "LAB03_01\LAB03_01.vcxproj", "{B0063DA9-EF8A-4CFA-B349-2797C7ADF315}"
EndProject
Project("{8BC9CEB8-8B4A-11D0-8D11-00A0C91BC942}") = "LAB03_02", "LAB03_02\LAB03_02.vcxproj", "{221E9800-94FA-4051-B6AB-E8FD4F20872B}"
EndProject
Project("{8BC9CEB8-8B4A-11D0-8D11-00A0C91BC942}") = "LAB03_03", "LAB03_03\LAB03_03.vcxproj", "{BE5EF9E9-9CB2-4086-A9C8-5D863A0CB9DC}"
EndProject
Project("{8BC9CEB8-8B4A-11D0-8D11-00A0C91BC942}") = "LAB03_04", "LAB03_04\LAB03_04.vcxproj", "{7D74120E-24DC-4C9C-8618-0ED07F0C9B9B}"
EndProject
Project("{8BC9CEB8-8B4A-11D0-8D11-00A0C91BC942}") = "LAB05_01", "LAB04_01\LAB04_01.vcxproj", "{0F634AB7-A213-413D-BCF5-1ED02455B0EA}"
EndProject
Project("{8BC9CEB8-8B4A-11D0-8D11-00A0C91BC942}") = "LAB05_02", "LAB04_02\LAB04_02.vcxproj", "{07A8CA53-FA1A-4C3A-BBF4-5DA9AE714EC4}"
EndProject
Project("{8BC9CEB8-8B4A-11D0-8D11-00A0C91BC942}") = "LAB05_03", "LAB04_03\LAB04_03.vcxproj", "{34D920C4-89A8-4E08-8E04-78DE2BC21379}"
EndProject
Project("{8BC9CEB8-8B4A-11D0-8D11-00A0C91BC942}") = "LAB06_01", "LAB06_01\LAB06_01.vcxproj", "{6533B4CE-53F0-4FA3-9A7A-54FB1F3987BC}"
EndProject
Project("{8BC9CEB8-8B4A-11D0-8D11-00A0C91BC942}") = "LAB06_02", "LAB06_02\LAB06_02.vcxproj", "{12A76410-570E-423B-B041-48ABC9CDDC47}"
EndProject
Project("{8BC9CEB8-8B4A-11D0-8D11-00A0C91BC942}") = "LAB06_03", "LAB06_03\LAB06_03.vcxproj", "{3E173ABE-F0A6-4F3F-BA8F-ADDDAAB105F8}"
EndProject
Project("{8BC9CEB8-8B4A-11D0-8D11-00A0C91BC942}") = "LAB07_01", "LAB07_01\LAB07_01.vcxproj", "{AB62E815-5115-4A20-ACC9-BD9B96F7D1F2}"
EndProject
Project("{8BC9CEB8-8B4A-11D0-8D11-00A0C91BC942}") = "LAB07_02", "LAB07_02\LAB07_02.vcxproj", "{448A558A-9D0A-441D-8277-410897F1C7D5}"
EndProject
Project("{8BC9CEB8-8B4A-11D0-8D11-00A0C91BC942}") = "LAB07_03", "LAB07_03\LAB07_03.vcxproj", "{A8312433-F662-47C3-8E95-BE2BC859362D}"
EndProject
Project("{8BC9CEB8-8B4A-11D0-8D11-00A0C91BC942}") = "LAB08_01", "LAB08_01\LAB08_01.vcxproj", "{23B7AB82-B6CE-491C-9CEC-B17958EBDA97}"
EndProject
Project("{8BC9CEB8-8B4A-11D0-8D11-00A0C91BC942}") = "LAB08_02", "LAB08_02\LAB08_02.vcxproj", "{2E8FA610-D068-4D70-B1E9-F7A70284C3D3}"
EndProject
Project("{8BC9CEB8-8B4A-11D0-8D11-00A0C91BC942}") = "LAB08_03", "LAB08_03\LAB08_03.vcxproj", "{0BC677BE-3D1E-4091-84BB-2E1AA026AF8E}"
EndProject
Project("{8BC9CEB8-8B4A-11D0-8D11-00A0C91BC942}") = "LAB08_04", "LAB08_04\LAB08_04.vcxproj", "{54F43F34-9487-460E-B0BE-529B03C125AA}"
EndProject
Project("{8BC9CEB8-8B4A-11D0-8D11-00A0C91BC942}") = "LAB08_05", "LAB08_05\LAB08_05.vcxproj", "{DEB3ABC2-5648-45BC-972E-7123F804DDB1}"
EndProject
Project("{8BC9CEB8-8B4A-11D0-8D11-00A0C91BC942}") = "LAB08_06", "LAB08_06\LAB08_06.vcxproj", "{C503B949-E2BD-4D51-ABBC-06DD8C108EEB}"
EndProject
Global
	GlobalSection(SolutionConfigurationPlatforms) = preSolution
		Debug|x64 = Debug|x64
		Debug|x86 = Debug|x86
		Release|x64 = Release|x64
		Release|x86 = Release|x86
	EndGlobalSection
	GlobalSection(ProjectConfigurationPlatforms) = postSolution
		{580902E2-E8FC-49BB-8F99-CD3CF854AFC7}.Debug|x64.ActiveCfg = Debug|x64
		{580902E2-E8FC-49BB-8F99-CD3CF854AFC7}.Debug|x64.Build.0 = Debug|x64
		{580902E2-E8FC-49BB-8F99-CD3CF854AFC7}.Debug|x86.ActiveCfg = Debug|Win32
		{580902E2-E8FC-49BB-8F99-CD3CF854AFC7}.Debug|x86.Build.0 = Debug|Win32
		{580902E2-E8FC-49BB-8F99-CD3CF854AFC7}.Release|x64.ActiveCfg = Release|x64
		{580902E2-E8FC-49BB-8F99-CD3CF854AFC7}.Release|x64.Build.0 = Release|x64
		{580902E2-E8FC-49BB-8F99-CD3CF854AFC7}.Release|x86.ActiveCfg = Release|Win32
		{580902E2-E8FC-49BB-8F99-CD3CF854AFC7}.Release|x86.Build.0 = Release|Win32
		{6B53E071-E3F3-4167-926A-736F547BA18D}.Debug|x64.ActiveCfg = Debug|x64
		{6B53E071-E3F3-4167-926A-736F547BA18D}.Debug|x64.Build.0 = Debug|x64
		{6B53E071-E3F3-4167-926A-736F547BA18D}.Debug|x86.ActiveCfg = Debug|Win32
		{6B53E071-E3F3-4167-926A-736F547BA18D}.Debug|x86.Build.0 = Debug|Win32
		{6B53E071-E3F3-4167-926A-736F547BA18D}.Release|x64.ActiveCfg = Release|x64
		{6B53E071-E3F3-4167-926A-736F547BA18D}.Release|x64.Build.0 = Release|x64
		{6B53E071-E3F3-4167-926A-736F547BA18D}.Release|x86.ActiveCfg = Release|Win32
		{6B53E071-E3F3-4167-926A-736F547BA18D}.Release|x86.Build.0 = Release|Win32
		{1FC33352-F6DA-4B98-8DC0-88C7EE509A5F}.Debug|x64.ActiveCfg = Debug|x64
		{1FC33352-F6DA-4B98-8DC0-88C7EE509A5F}.Debug|x64.Build.0 = Debug|x64
		{1FC33352-F6DA-4B98-8DC0-88C7EE509A5F}.Debug|x86.ActiveCfg = Debug|Win32
		{1FC33352-F6DA-4B98-8DC0-88C7EE509A5F}.Debug|x86.Build.0 = Debug|Win32
		{1FC33352-F6DA-4B98-8DC0-88C7EE509A5F}.Release|x64.ActiveCfg = Release|x64
		{1FC33352-F6DA-4B98-8DC0-88C7EE509A5F}.Release|x64.Build.0 = Release|x64
		{1FC33352-F6DA-4B98-8DC0-88C7EE509A5F}.Release|x86.ActiveCfg = Release|Win32
		{1FC33352-F6DA-4B98-8DC0-88C7EE509A5F}.Release|x86.Build.0 = Release|Win32
		{09D7FA37-742A-44C3-8DB5-78C9C9C705BD}.Debug|x64.ActiveCfg = Debug|x64
		{09D7FA37-742A-44C3-8DB5-78C9C9C705BD}.Debug|x64.Build.0 = Debug|x64
		{09D7FA37-742A-44C3-8DB5-78C9C9C705BD}.Debug|x86.ActiveCfg = Debug|Win32
		{09D7FA37-742A-44C3-8DB5-78C9C9C705BD}.Debug|x86.Build.0 = Debug|Win32
		{09D7FA37-742A-44C3-8DB5-78C9C9C705BD}.Release|x64.ActiveCfg = Release|x64
		{09D7FA37-742A-44C3-8DB5-78C9C9C705BD}.Release|x64.Build.0 = Release|x64
		{09D7FA37-742A-44C3-8DB5-78C9C9C705BD}.Release|x86.ActiveCfg = Release|Win32
		{09D7FA37-742A-44C3-8DB5-78C9C9C705BD}.Release|x86.Build.0 = Release|Win32
		{F31DA1D2-FDF2-453B-AC4D-86F5061A9FAD}.Debug|x64.ActiveCfg = Debug|x64
		{F31DA1D2-FDF2-453B-AC4D-86F5061A9FAD}.Debug|x64.Build.0 = Debug|x64
		{F31DA1D2-FDF2-453B-AC4D-86F5061A9FAD}.Debug|x86.ActiveCfg = Debug|Win32
		{F31DA1D2-FDF2-453B-AC4D-86F5061A9FAD}.Debug|x86.Build.0 = Debug|Win32
		{F31DA1D2-FDF2-453B-AC4D-86F5061A9FAD}.Release|x64.ActiveCfg = Release|x64
		{F31DA1D2-FDF2-453B-AC4D-86F5061A9FAD}.Release|x64.Build.0 = Release|x64
		{F31DA1D2-FDF2-453B-AC4D-86F5061A9FAD}.Release|x86.ActiveCfg = Release|Win32
		{F31DA1D2-FDF2-453B-AC4D-86F5061A9FAD}.Release|x86.Build.0 = Release|Win32
		{B0063DA9-EF8A-4CFA-B349-2797C7ADF315}.Debug|x64.ActiveCfg = Debug|x64
		{B0063DA9-EF8A-4CFA-B349-2797C7ADF315}.Debug|x64.Build.0 = Debug|x64
		{B0063DA9-EF8A-4CFA-B349-2797C7ADF315}.Debug|x86.ActiveCfg = Debug|Win32
		{B0063DA9-EF8A-4CFA-B349-2797C7ADF315}.Debug|x86.Build.0 = Debug|Win32
		{B0063DA9-EF8A-4CFA-B349-2797C7ADF315}.Release|x64.ActiveCfg = Release|x64
		{B0063DA9-EF8A-4CFA-B349-2797C7ADF315}.Release|x64.Build.0 = Release|x64
		{B0063DA9-EF8A-4CFA-B349-2797C7ADF315}.Release|x86.ActiveCfg = Release|Win32
		{B0063DA9-EF8A-4CFA-B349-2797C7ADF315}.Release|x86.Build.0 = Release|Win32
		{221E9800-94FA-4051-B6AB-E8FD4F20872B}.Debug|x64.ActiveCfg = Debug|x64
		{221E9800-94FA-4051-B6AB-E8FD4F20872B}.Debug|x64.Build.0 = Debug|x64
		{221E9800-94FA-4051-B6AB-E8FD4F20872B}.Debug|x86.ActiveCfg = Debug|Win32
		{221E9800-94FA-4051-B6AB-E8FD4F20872B}.Debug|x86.Build.0 = Debug|Win32
		{221E9800-94FA-4051-B6AB-E8FD4F20872B}.Release|x64.ActiveCfg = Release|x64
		{221E9800-94FA-4051-B6AB-E8FD4F20872B}.Release|x64.Build.0 = Release|x64
		{221E9800-94FA-4051-B6AB-E8FD4F20872B}.Release|x86.ActiveCfg = Release|Win32
		{221E9800-94FA-4051-B6AB-E8FD4F20872B}.Release|x86.Build.0 = Release|Win32
		{BE5EF9E9-9CB2-4086-A9C8-5D863A0CB9DC}.Debug|x64.ActiveCfg = Debug|x64
		{BE5EF9E9-9CB2-4086-A9C8-5D863A0CB9DC}.Debug|x64.Build.0 = Debug|x64
		{BE5EF9E9-9CB2-4086-A9C8-5D863A0CB9DC}.Debug|x86.ActiveCfg = Debug|Win32
		{BE5EF9E9-9CB2-4086-A9C8-5D863A0CB9DC}.Debug|x86.Build.0 = Debug|Win32
		{BE5EF9E9-9CB2-4086-A9C8-5D863A0CB9DC}.Release|x64.ActiveCfg = Release|x64
		{BE5EF9E9-9CB2-4086-A9C8-5D863A0CB9DC}.Release|x64.Build.0 = Release|x64
		{BE5EF9E9-9CB2-4086-A9C8-5D863A0CB9DC}.Release|x86.ActiveCfg = Release|Win32
		{BE5EF9E9-9CB2-4086-A9C8-5D863A0CB9DC}.Release|x86.Build.0 = Release|Win32
		{7D74120E-24DC-4C9C-8618-0ED07F0C9B9B}.Debug|x64.ActiveCfg = Debug|x64
		{7D74120E-24DC-4C9C-8618-0ED07F0C9B9B}.Debug|x64.Build.0 = Debug|x64
		{7D74120E-24DC-4C9C-8618-0ED07F0C9B9B}.Debug|x86.ActiveCfg = Debug|Win32
		{7D74120E-24DC-4C9C-8618-0ED07F0C9B9B}.Debug|x86.Build.0 = Debug|Win32
		{7D74120E-24DC-4C9C-8618-0ED07F0C9B9B}.Release|x64.ActiveCfg = Release|x64
		{7D74120E-24DC-4C9C-8618-0ED07F0C9B9B}.Release|x64.Build.0 = Release|x64
		{7D74120E-24DC-4C9C-8618-0ED07F0C9B9B}.Release|x86.ActiveCfg = Release|Win32
		{7D74120E-24DC-4C9C-8618-0ED07F0C9B9B}.Release|x86.Build.0 = Release|Win32
		{0F634AB7-A213-413D-BCF5-1ED02455B0EA}.Debug|x64.ActiveCfg = Debug|x64
		{0F634AB7-A213-413D-BCF5-1ED02455B0EA}.Debug|x64.Build.0 = Debug|x64
		{0F634AB7-A213-413D-BCF5-1ED02455B0EA}.Debug|x86.ActiveCfg = Debug|Win32
		{0F634AB7-A213-413D-BCF5-1ED02455B0EA}.Debug|x86.Build.0 = Debug|Win32
		{0F634AB7-A213-413D-BCF5-1ED02455B0EA}.Release|x64.ActiveCfg = Release|x64
		{0F634AB7-A213-413D-BCF5-1ED02455B0EA}.Release|x64.Build.0 = Release|x64
		{0F634AB7-A213-413D-BCF5-1ED02455B0EA}.Release|x86.ActiveCfg = Release|Win32
		{0F634AB7-A213-413D-BCF5-1ED02455B0EA}.Release|x86.Build.0 = Release|Win32
		{07A8CA53-FA1A-4C3A-BBF4-5DA9AE714EC4}.Debug|x64.ActiveCfg = Debug|x64
		{07A8CA53-FA1A-4C3A-BBF4-5DA9AE714EC4}.Debug|x64.Build.0 = Debug|x64
		{07A8CA53-FA1A-4C3A-BBF4-5DA9AE714EC4}.Debug|x86.ActiveCfg = Debug|Win32
		{07A8CA53-FA1A-4C3A-BBF4-5DA9AE714EC4}.Debug|x86.Build.0 = Debug|Win32
		{07A8CA53-FA1A-4C3A-BBF4-5DA9AE714EC4}.Release|x64.ActiveCfg = Release|x64
		{07A8CA53-FA1A-4C3A-BBF4-5DA9AE714EC4}.Release|x64.Build.0 = Release|x64
		{07A8CA53-FA1A-4C3A-BBF4-5DA9AE714EC4}.Release|x86.ActiveCfg = Release|Win32
		{07A8CA53-FA1A-4C3A-BBF4-5DA9AE714EC4}.Release|x86.Build.0 = Release|Win32
		{34D920C4-89A8-4E08-8E04-78DE2BC21379}.Debug|x64.ActiveCfg = Debug|x64
		{34D920C4-89A8-4E08-8E04-78DE2BC21379}.Debug|x64.Build.0 = Debug|x64
		{34D920C4-89A8-4E08-8E04-78DE2BC21379}.Debug|x86.ActiveCfg = Debug|Win32
		{34D920C4-89A8-4E08-8E04-78DE2BC21379}.Debug|x86.Build.0 = Debug|Win32
		{34D920C4-89A8-4E08-8E04-78DE2BC21379}.Release|x64.ActiveCfg = Release|x64
		{34D920C4-89A8-4E08-8E04-78DE2BC21379}.Release|x64.Build.0 = Release|x64
		{34D920C4-89A8-4E08-8E04-78DE2BC21379}.Release|x86.ActiveCfg = Release|Win32
		{34D920C4-89A8-4E08-8E04-78DE2BC21379}.Release|x86.Build.0 = Release|Win32
		{6533B4CE-53F0-4FA3-9A7A-54FB1F3987BC}.Debug|x64.ActiveCfg = Debug|x64
		{6533B4CE-53F0-4FA3-9A7A-54FB1F3987BC}.Debug|x64.Build.0 = Debug|x64
		{6533B4CE-53F0-4FA3-9A7A-54FB1F3987BC}.Debug|x86.ActiveCfg = Debug|Win32
		{6533B4CE-53F0-4FA3-9A7A-54FB1F3987BC}.Debug|x86.Build.0 = Debug|Win32
		{6533B4CE-53F0-4FA3-9A7A-54FB1F3987BC}.Release|x64.ActiveCfg = Release|x64
		{6533B4CE-53F0-4FA3-9A7A-54FB1F3987BC}.Release|x64.Build.0 = Release|x64
		{6533B4CE-53F0-4FA3-9A7A-54FB1F3987BC}.Release|x86.ActiveCfg = Release|Win32
		{6533B4CE-53F0-4FA3-9A7A-54FB1F3987BC}.Release|x86.Build.0 = Release|Win32
		{12A76410-570E-423B-B041-48ABC9CDDC47}.Debug|x64.ActiveCfg = Debug|x64
		{12A76410-570E-423B-B041-48ABC9CDDC47}.Debug|x64.Build.0 = Debug|x64
		{12A76410-570E-423B-B041-48ABC9CDDC47}.Debug|x86.ActiveCfg = Debug|Win32
		{12A76410-570E-423B-B041-48ABC9CDDC47}.Debug|x86.Build.0 = Debug|Win32
		{12A76410-570E-423B-B041-48ABC9CDDC47}.Release|x64.ActiveCfg = Release|x64
		{12A76410-570E-423B-B041-48ABC9CDDC47}.Release|x64.Build.0 = Release|x64
		{12A76410-570E-423B-B041-48ABC9CDDC47}.Release|x86.ActiveCfg = Release|Win32
		{12A76410-570E-423B-B041-48ABC9CDDC47}.Release|x86.Build.0 = Release|Win32
		{3E173ABE-F0A6-4F3F-BA8F-ADDDAAB105F8}.Debug|x64.ActiveCfg = Debug|x64
		{3E173ABE-F0A6-4F3F-BA8F-ADDDAAB105F8}.Debug|x64.Build.0 = Debug|x64
		{3E173ABE-F0A6-4F3F-BA8F-ADDDAAB105F8}.Debug|x86.ActiveCfg = Debug|Win32
		{3E173ABE-F0A6-4F3F-BA8F-ADDDAAB105F8}.Debug|x86.Build.0 = Debug|Win32
		{3E173ABE-F0A6-4F3F-BA8F-ADDDAAB105F8}.Release|x64.ActiveCfg = Release|x64
		{3E173ABE-F0A6-4F3F-BA8F-ADDDAAB105F8}.Release|x64.Build.0 = Release|x64
		{3E173ABE-F0A6-4F3F-BA8F-ADDDAAB105F8}.Release|x86.ActiveCfg = Release|Win32
		{3E173ABE-F0A6-4F3F-BA8F-ADDDAAB105F8}.Release|x86.Build.0 = Release|Win32
		{AB62E815-5115-4A20-ACC9-BD9B96F7D1F2}.Debug|x64.ActiveCfg = Debug|x64
		{AB62E815-5115-4A20-ACC9-BD9B96F7D1F2}.Debug|x64.Build.0 = Debug|x64
		{AB62E815-5115-4A20-ACC9-BD9B96F7D1F2}.Debug|x86.ActiveCfg = Debug|Win32
		{AB62E815-5115-4A20-ACC9-BD9B96F7D1F2}.Debug|x86.Build.0 = Debug|Win32
		{AB62E815-5115-4A20-ACC9-BD9B96F7D1F2}.Release|x64.ActiveCfg = Release|x64
		{AB62E815-5115-4A20-ACC9-BD9B96F7D1F2}.Release|x64.Build.0 = Release|x64
		{AB62E815-5115-4A20-ACC9-BD9B96F7D1F2}.Release|x86.ActiveCfg = Release|Win32
		{AB62E815-5115-4A20-ACC9-BD9B96F7D1F2}.Release|x86.Build.0 = Release|Win32
		{448A558A-9D0A-441D-8277-410897F1C7D5}.Debug|x64.ActiveCfg = Debug|x64
		{448A558A-9D0A-441D-8277-410897F1C7D5}.Debug|x64.Build.0 = Debug|x64
		{448A558A-9D0A-441D-8277-410897F1C7D5}.Debug|x86.ActiveCfg = Debug|Win32
		{448A558A-9D0A-441D-8277-410897F1C7D5}.Debug|x86.Build.0 = Debug|Win32
		{448A558A-9D0A-441D-8277-410897F1C7D5}.Release|x64.ActiveCfg = Release|x64
		{448A558A-9D0A-441D-8277-410897F1C7D5}.Release|x64.Build.0 = Release|x64
		{448A558A-9D0A-441D-8277-410897F1C7D5}.Release|x86.ActiveCfg = Release|Win32
		{448A558A-9D0A-441D-8277-410897F1C7D5}.Release|x86.Build.0 = Release|Win32
		{A8312433-F662-47C3-8E95-BE2BC859362D}.Debug|x64.ActiveCfg = Debug|x64
		{A8312433-F662-47C3-8E95-BE2BC859362D}.Debug|x64.Build.0 = Debug|x64
		{A8312433-F662-47C3-8E95-BE2BC859362D}.Debug|x86.ActiveCfg = Debug|Win32
		{A8312433-F662-47C3-8E95-BE2BC859362D}.Debug|x86.Build.0 = Debug|Win32
		{A8312433-F662-47C3-8E95-BE2BC859362D}.Release|x64.ActiveCfg = Release|x64
		{A8312433-F662-47C3-8E95-BE2BC859362D}.Release|x64.Build.0 = Release|x64
		{A8312433-F662-47C3-8E95-BE2BC859362D}.Release|x86.ActiveCfg = Release|Win32
		{A8312433-F662-47C3-8E95-BE2BC859362D}.Release|x86.Build.0 = Release|Win32
		{23B7AB82-B6CE-491C-9CEC-B17958EBDA97}.Debug|x64.ActiveCfg = Debug|x64
		{23B7AB82-B6CE-491C-9CEC-B17958EBDA97}.Debug|x64.Build.0 = Debug|x64
		{23B7AB82-B6CE-491C-9CEC-B17958EBDA97}.Debug|x86.ActiveCfg = Debug|Win32
		{23B7AB82-B6CE-491C-9CEC-B17958EBDA97}.Debug|x86.Build.0 = Debug|Win32
		{23B7AB82-B6CE-491C-9CEC-B17958EBDA97}.Release|x64.ActiveCfg = Release|x64
		{23B7AB82-B6CE-491C-9CEC-B17958EBDA97}.Release|x64.Build.0 = Release|x64
		{23B7AB82-B6CE-491C-9CEC-B17958EBDA97}.Release|x86.ActiveCfg = Release|Win32
		{23B7AB82-B6CE-491C-9CEC-B17958EBDA97}.Release|x86.Build.0 = Release|Win32
		{2E8FA610-D068-4D70-B1E9-F7A70284C3D3}.Debug|x64.ActiveCfg = Debug|x64
		{2E8FA610-D068-4D70-B1E9-F7A70284C3D3}.Debug|x64.Build.0 = Debug|x64
		{2E8FA610-D068-4D70-B1E9-F7A70284C3D3}.Debug|x86.ActiveCfg = Debug|Win32
		{2E8FA610-D068-4D70-B1E9-F7A70284C3D3}.Debug|x86.Build.0 = Debug|Win32
		{2E8FA610-D068-4D70-B1E9-F7A70284C3D3}.Release|x64.ActiveCfg = Release|x64
		{2E8FA610-D068-4D70-B1E9-F7A70284C3D3}.Release|x64.Build.0 = Release|x64
		{2E8FA610-D068-4D70-B1E9-F7A70284C3D3}.Release|x86.ActiveCfg = Release|Win32
		{2E8FA610-D068-4D70-B1E9-F7A70284C3D3}.Release|x86.Build.0 = Release|Win32
		{0BC677BE-3D1E-4091-84BB-2E1AA026AF8E}.Debug|x64.ActiveCfg = Debug|x64
		{0BC677BE-3D1E-4091-84BB-2E1AA026AF8E}.Debug|x64.Build.0 = Debug|x64
		{0BC677BE-3D1E-4091-84BB-2E1AA026AF8E}.Debug|x86.ActiveCfg = Debug|Win32
		{0BC677BE-3D1E-4091-84BB-2E1AA026AF8E}.Debug|x86.Build.0 = Debug|Win32
		{0BC677BE-3D1E-4091-84BB-2E1AA026AF8E}.Release|x64.ActiveCfg = Release|x64
		{0BC677BE-3D1E-4091-84BB-2E1AA026AF8E}.Release|x64.Build.0 = Release|x64
		{0BC677BE-3D1E-4091-84BB-2E1AA026AF8E}.Release|x86.ActiveCfg = Release|Win32
		{0BC677BE-3D1E-4091-84BB-2E1AA026AF8E}.Release|x86.Build.0 = Release|Win32
		{54F43F34-9487-460E-B0BE-529B03C125AA}.Debug|x64.ActiveCfg = Debug|x64
		{54F43F34-9487-460E-B0BE-529B03C125AA}.Debug|x64.Build.0 = Debug|x64
		{54F43F34-9487-460E-B0BE-529B03C125AA}.Debug|x86.ActiveCfg = Debug|Win32
		{54F43F34-9487-460E-B0BE-529B03C125AA}.Debug|x86.Build.0 = Debug|Win32
		{54F43F34-9487-460E-B0BE-529B03C125AA}.Release|x64.ActiveCfg = Release|x64
		{54F43F34-9487-460E-B0BE-529B03C125AA}.Release|x64.Build.0 = Release|x64
		{54F43F34-9487-460E-B0BE-529B03C125AA}.Release|x86.ActiveCfg = Release|Win32
		{54F43F34-9487-460E-B0BE-529B03C125AA}.Release|x86.Build.0 = Release|Win32
		{DEB3ABC2-5648-45BC-972E-7123F804DDB1}.Debug|x64.ActiveCfg = Debug|x64
		{DEB3ABC2-5648-45BC-972E-7123F804DDB1}.Debug|x64.Build.0 = Debug|x64
		{DEB3ABC2-5648-45BC-972E-7123F804DDB1}.Debug|x86.ActiveCfg = Debug|Win32
		{DEB3ABC2-5648-45BC-972E-7123F804DDB1}.Debug|x86.Build.0 = Debug|Win32
		{DEB3ABC2-5648-45BC-972E-7123F804DDB1}.Release|x64.ActiveCfg = Release|x64
		{DEB3ABC2-5648-45BC-972E-7123F804DDB1}.Release|x64.Build.0 = Release|x64
		{DEB3ABC2-5648-45BC-972E-7123F804DDB1}.Release|x86.ActiveCfg = Release|Win32
		{DEB3ABC2-5648-45BC-972E-7123F804DDB1}.Release|x86.Build.0 = Release|Win32
		{C503B949-E2BD-4D51-ABBC-06DD8C108EEB}.Debug|x64.ActiveCfg = Debug|x64
		{C503B949-E2BD-4D51-ABBC-06DD8C108EEB}.Debug|x64.Build.0 = Debug|x64
		{C503B949-E2BD-4D51-ABBC-06DD8C108EEB}.Debug|x86.ActiveCfg = Debug|Win32
		{C503B949-E2BD-4D51-ABBC-06DD8C108EEB}.Debug|x86.Build.0 = Debug|Win32
		{C503B949-E2BD-4D51-ABBC-06DD8C108EEB}.Release|x64.ActiveCfg = Release|x64
		{C503B949-E2BD-4D51-ABBC-06DD8C108EEB}.Release|x64.Build.0 = Release|x64
		{C503B949-E2BD-4D51-ABBC-06DD8C108EEB}.Release|x86.ActiveCfg = Release|Win32
		{C503B949-E2BD-4D51-ABBC-06DD8C108EEB}.Release|x86.Build.0 = Release|Win32
	EndGlobalSection
	GlobalSection(SolutionProperties) = preSolution
		HideSolutionNode = FALSE
	EndGlobalSection
	GlobalSection(ExtensibilityGlobals) = postSolution
		SolutionGuid = {9E3244A8-169E-4A55-A5B2-BF2FD975A42F}
	EndGlobalSection
EndGlobal
